// !$*UTF8*$!
{
	archiveVersion = 1;
	classes = {
	};
	objectVersion = 50;
	objects = {

/* Begin PBXBuildFile section */
		8EA6357A26457093006B554E /* AppDelegate.swift in Sources */ = {isa = PBXBuildFile; fileRef = 8EA6357926457093006B554E /* AppDelegate.swift */; };
		8EA6357C26457093006B554E /* SceneDelegate.swift in Sources */ = {isa = PBXBuildFile; fileRef = 8EA6357B26457093006B554E /* SceneDelegate.swift */; };
		8EA6357E26457093006B554E /* ViewController.swift in Sources */ = {isa = PBXBuildFile; fileRef = 8EA6357D26457093006B554E /* ViewController.swift */; };
		8EA6358126457093006B554E /* Main.storyboard in Resources */ = {isa = PBXBuildFile; fileRef = 8EA6357F26457093006B554E /* Main.storyboard */; };
		8EA6358326457094006B554E /* Assets.xcassets in Resources */ = {isa = PBXBuildFile; fileRef = 8EA6358226457094006B554E /* Assets.xcassets */; };
		8EA6358626457094006B554E /* LaunchScreen.storyboard in Resources */ = {isa = PBXBuildFile; fileRef = 8EA6358426457094006B554E /* LaunchScreen.storyboard */; };
		8EA6359526457BF9006B554E /* FlowerViewCell.swift in Sources */ = {isa = PBXBuildFile; fileRef = 8EA6359426457BF9006B554E /* FlowerViewCell.swift */; };
		8EA6359826457D06006B554E /* FlowerStruct.swift in Sources */ = {isa = PBXBuildFile; fileRef = 8EA6359726457D06006B554E /* FlowerStruct.swift */; };
		8EA6359F26457D9F006B554E /* FlowerBrain.swift in Sources */ = {isa = PBXBuildFile; fileRef = 8EA6359E26457D9F006B554E /* FlowerBrain.swift */; };
/* End PBXBuildFile section */

/* Begin PBXFileReference section */
		8EA6357626457093006B554E /* tableview3.app */ = {isa = PBXFileReference; explicitFileType = wrapper.application; includeInIndex = 0; path = tableview3.app; sourceTree = BUILT_PRODUCTS_DIR; };
		8EA6357926457093006B554E /* AppDelegate.swift */ = {isa = PBXFileReference; lastKnownFileType = sourcecode.swift; path = AppDelegate.swift; sourceTree = "<group>"; };
		8EA6357B26457093006B554E /* SceneDelegate.swift */ = {isa = PBXFileReference; lastKnownFileType = sourcecode.swift; path = SceneDelegate.swift; sourceTree = "<group>"; };
		8EA6357D26457093006B554E /* ViewController.swift */ = {isa = PBXFileReference; lastKnownFileType = sourcecode.swift; path = ViewController.swift; sourceTree = "<group>"; };
		8EA6358026457093006B554E /* Base */ = {isa = PBXFileReference; lastKnownFileType = file.storyboard; name = Base; path = Base.lproj/Main.storyboard; sourceTree = "<group>"; };
		8EA6358226457094006B554E /* Assets.xcassets */ = {isa = PBXFileReference; lastKnownFileType = folder.assetcatalog; path = Assets.xcassets; sourceTree = "<group>"; };
		8EA6358526457094006B554E /* Base */ = {isa = PBXFileReference; lastKnownFileType = file.storyboard; name = Base; path = Base.lproj/LaunchScreen.storyboard; sourceTree = "<group>"; };
		8EA6358726457094006B554E /* Info.plist */ = {isa = PBXFileReference; lastKnownFileType = text.plist.xml; path = Info.plist; sourceTree = "<group>"; };
		8EA6359426457BF9006B554E /* FlowerViewCell.swift */ = {isa = PBXFileReference; lastKnownFileType = sourcecode.swift; path = FlowerViewCell.swift; sourceTree = "<group>"; };
		8EA6359726457D06006B554E /* FlowerStruct.swift */ = {isa = PBXFileReference; lastKnownFileType = sourcecode.swift; path = FlowerStruct.swift; sourceTree = "<group>"; };
		8EA6359E26457D9F006B554E /* FlowerBrain.swift */ = {isa = PBXFileReference; lastKnownFileType = sourcecode.swift; path = FlowerBrain.swift; sourceTree = "<group>"; };
/* End PBXFileReference section */

/* Begin PBXFrameworksBuildPhase section */
		8EA6357326457093006B554E /* Frameworks */ = {
			isa = PBXFrameworksBuildPhase;
			buildActionMask = 2147483647;
			files = (
			);
			runOnlyForDeploymentPostprocessing = 0;
		};
/* End PBXFrameworksBuildPhase section */

/* Begin PBXGroup section */
		8EA6356D26457093006B554E = {
			isa = PBXGroup;
			children = (
				8EA6357826457093006B554E /* tableview3 */,
				8EA6357726457093006B554E /* Products */,
			);
			sourceTree = "<group>";
		};
		8EA6357726457093006B554E /* Products */ = {
			isa = PBXGroup;
			children = (
				8EA6357626457093006B554E /* tableview3.app */,
			);
			name = Products;
			sourceTree = "<group>";
		};
		8EA6357826457093006B554E /* tableview3 */ = {
			isa = PBXGroup;
			children = (
				8EA6357926457093006B554E /* AppDelegate.swift */,
				8EA6357B26457093006B554E /* SceneDelegate.swift */,
				8EA6359426457BF9006B554E /* FlowerViewCell.swift */,
				8EA6359E26457D9F006B554E /* FlowerBrain.swift */,
				8EA6357D26457093006B554E /* ViewController.swift */,
				8EA6359726457D06006B554E /* FlowerStruct.swift */,
				8EA6357F26457093006B554E /* Main.storyboard */,
				8EA6358226457094006B554E /* Assets.xcassets */,
				8EA6358426457094006B554E /* LaunchScreen.storyboard */,
				8EA6358726457094006B554E /* Info.plist */,
			);
			path = tableview3;
			sourceTree = "<group>";
		};
/* End PBXGroup section */

/* Begin PBXNativeTarget section */
		8EA6357526457093006B554E /* tableview3 */ = {
			isa = PBXNativeTarget;
			buildConfigurationList = 8EA6358A26457094006B554E /* Build configuration list for PBXNativeTarget "tableview3" */;
			buildPhases = (
				8EA6357226457093006B554E /* Sources */,
				8EA6357326457093006B554E /* Frameworks */,
				8EA6357426457093006B554E /* Resources */,
			);
			buildRules = (
			);
			dependencies = (
			);
			name = tableview3;
			productName = tableview3;
			productReference = 8EA6357626457093006B554E /* tableview3.app */;
			productType = "com.apple.product-type.application";
		};
/* End PBXNativeTarget section */

/* Begin PBXProject section */
		8EA6356E26457093006B554E /* Project object */ = {
			isa = PBXProject;
			attributes = {
				LastSwiftUpdateCheck = 1220;
				LastUpgradeCheck = 1220;
				TargetAttributes = {
					8EA6357526457093006B554E = {
						CreatedOnToolsVersion = 12.2;
					};
				};
			};
			buildConfigurationList = 8EA6357126457093006B554E /* Build configuration list for PBXProject "tableview3" */;
			compatibilityVersion = "Xcode 9.3";
			developmentRegion = en;
			hasScannedForEncodings = 0;
			knownRegions = (
				en,
				Base,
			);
			mainGroup = 8EA6356D26457093006B554E;
			productRefGroup = 8EA6357726457093006B554E /* Products */;
			projectDirPath = "";
			projectRoot = "";
			targets = (
				8EA6357526457093006B554E /* tableview3 */,
			);
		};
/* End PBXProject section */

/* Begin PBXResourcesBuildPhase section */
		8EA6357426457093006B554E /* Resources */ = {
			isa = PBXResourcesBuildPhase;
			buildActionMask = 2147483647;
			files = (
				8EA6358626457094006B554E /* LaunchScreen.storyboard in Resources */,
				8EA6358326457094006B554E /* Assets.xcassets in Resources */,
				8EA6358126457093006B554E /* Main.storyboard in Resources */,
			);
			runOnlyForDeploymentPostprocessing = 0;
		};
/* End PBXResourcesBuildPhase section */

/* Begin PBXSourcesBuildPhase section */
		8EA6357226457093006B554E /* Sources */ = {
			isa = PBXSourcesBuildPhase;
			buildActionMask = 2147483647;
			files = (
				8EA6359826457D06006B554E /* FlowerStruct.swift in Sources */,
				8EA6357E26457093006B554E /* ViewController.swift in Sources */,
				8EA6359526457BF9006B554E /* FlowerViewCell.swift in Sources */,
				8EA6357A26457093006B554E /* AppDelegate.swift in Sources */,
				8EA6357C26457093006B554E /* SceneDelegate.swift in Sources */,
				8EA6359F26457D9F006B554E /* FlowerBrain.swift in Sources */,
			);
			runOnlyForDeploymentPostprocessing = 0;
		};
/* End PBXSourcesBuildPhase section */

/* Begin PBXVariantGroup section */
		8EA6357F26457093006B554E /* Main.storyboard */ = {
			isa = PBXVariantGroup;
			children = (
				8EA6358026457093006B554E /* Base */,
			);
			name = Main.storyboard;
			sourceTree = "<group>";
		};
		8EA6358426457094006B554E /* LaunchScreen.storyboard */ = {
			isa = PBXVariantGroup;
			children = (
				8EA6358526457094006B554E /* Base */,
			);
			name = LaunchScreen.storyboard;
			sourceTree = "<group>";
		};
/* End PBXVariantGroup section */

/* Begin XCBuildConfiguration section */
		8EA6358826457094006B554E /* Debug */ = {
			isa = XCBuildConfiguration;
			buildSettings = {
				ALWAYS_SEARCH_USER_PATHS = NO;
				CLANG_ANALYZER_NONNULL = YES;
				CLANG_ANALYZER_NUMBER_OBJECT_CONVERSION = YES_AGGRESSIVE;
				CLANG_CXX_LANGUAGE_STANDARD = "gnu++14";
				CLANG_CXX_LIBRARY = "libc++";
				CLANG_ENABLE_MODULES = YES;
				CLANG_ENABLE_OBJC_ARC = YES;
				CLANG_ENABLE_OBJC_WEAK = YES;
				CLANG_WARN_BLOCK_CAPTURE_AUTORELEASING = YES;
				CLANG_WARN_BOOL_CONVERSION = YES;
				CLANG_WARN_COMMA = YES;
				CLANG_WARN_CONSTANT_CONVERSION = YES;
				CLANG_WARN_DEPRECATED_OBJC_IMPLEMENTATIONS = YES;
				CLANG_WARN_DIRECT_OBJC_ISA_USAGE = YES_ERROR;
				CLANG_WARN_DOCUMENTATION_COMMENTS = YES;
				CLANG_WARN_EMPTY_BODY = YES;
				CLANG_WARN_ENUM_CONVERSION = YES;
				CLANG_WARN_INFINITE_RECURSION = YES;
				CLANG_WARN_INT_CONVERSION = YES;
				CLANG_WARN_NON_LITERAL_NULL_CONVERSION = YES;
				CLANG_WARN_OBJC_IMPLICIT_RETAIN_SELF = YES;
				CLANG_WARN_OBJC_LITERAL_CONVERSION = YES;
				CLANG_WARN_OBJC_ROOT_CLASS = YES_ERROR;
				CLANG_WARN_QUOTED_INCLUDE_IN_FRAMEWORK_HEADER = YES;
				CLANG_WARN_RANGE_LOOP_ANALYSIS = YES;
				CLANG_WARN_STRICT_PROTOTYPES = YES;
				CLANG_WARN_SUSPICIOUS_MOVE = YES;
				CLANG_WARN_UNGUARDED_AVAILABILITY = YES_AGGRESSIVE;
				CLANG_WARN_UNREACHABLE_CODE = YES;
				CLANG_WARN__DUPLICATE_METHOD_MATCH = YES;
				COPY_PHASE_STRIP = NO;
				DEBUG_INFORMATION_FORMAT = dwarf;
				ENABLE_STRICT_OBJC_MSGSEND = YES;
				ENABLE_TESTABILITY = YES;
				GCC_C_LANGUAGE_STANDARD = gnu11;
				GCC_DYNAMIC_NO_PIC = NO;
				GCC_NO_COMMON_BLOCKS = YES;
				GCC_OPTIMIZATION_LEVEL = 0;
				GCC_PREPROCESSOR_DEFINITIONS = (
					"DEBUG=1",
					"$(inherited)",
				);
				GCC_WARN_64_TO_32_BIT_CONVERSION = YES;
				GCC_WARN_ABOUT_RETURN_TYPE = YES_ERROR;
				GCC_WARN_UNDECLARED_SELECTOR = YES;
				GCC_WARN_UNINITIALIZED_AUTOS = YES_AGGRESSIVE;
				GCC_WARN_UNUSED_FUNCTION = YES;
				GCC_WARN_UNUSED_VARIABLE = YES;
				IPHONEOS_DEPLOYMENT_TARGET = 14.2;
				MTL_ENABLE_DEBUG_INFO = INCLUDE_SOURCE;
				MTL_FAST_MATH = YES;
				ONLY_ACTIVE_ARCH = YES;
				SDKROOT = iphoneos;
				SWIFT_ACTIVE_COMPILATION_CONDITIONS = DEBUG;
				SWIFT_OPTIMIZATION_LEVEL = "-Onone";
			};
			name = Debug;
		};
		8EA6358926457094006B554E /* Release */ = {
			isa = XCBuildConfiguration;
			buildSettings = {
				ALWAYS_SEARCH_USER_PATHS = NO;
				CLANG_ANALYZER_NONNULL = YES;
				CLANG_ANALYZER_NUMBER_OBJECT_CONVERSION = YES_AGGRESSIVE;
				CLANG_CXX_LANGUAGE_STANDARD = "gnu++14";
				CLANG_CXX_LIBRARY = "libc++";
				CLANG_ENABLE_MODULES = YES;
				CLANG_ENABLE_OBJC_ARC = YES;
				CLANG_ENABLE_OBJC_WEAK = YES;
				CLANG_WARN_BLOCK_CAPTURE_AUTORELEASING = YES;
				CLANG_WARN_BOOL_CONVERSION = YES;
				CLANG_WARN_COMMA = YES;
				CLANG_WARN_CONSTANT_CONVERSION = YES;
				CLANG_WARN_DEPRECATED_OBJC_IMPLEMENTATIONS = YES;
				CLANG_WARN_DIRECT_OBJC_ISA_USAGE = YES_ERROR;
				CLANG_WARN_DOCUMENTATION_COMMENTS = YES;
				CLANG_WARN_EMPTY_BODY = YES;
				CLANG_WARN_ENUM_CONVERSION = YES;
				CLANG_WARN_INFINITE_RECURSION = YES;
				CLANG_WARN_INT_CONVERSION = YES;
				CLANG_WARN_NON_LITERAL_NULL_CONVERSION = YES;
				CLANG_WARN_OBJC_IMPLICIT_RETAIN_SELF = YES;
				CLANG_WARN_OBJC_LITERAL_CONVERSION = YES;
				CLANG_WARN_OBJC_ROOT_CLASS = YES_ERROR;
				CLANG_WARN_QUOTED_INCLUDE_IN_FRAMEWORK_HEADER = YES;
				CLANG_WARN_RANGE_LOOP_ANALYSIS = YES;
				CLANG_WARN_STRICT_PROTOTYPES = YES;
				CLANG_WARN_SUSPICIOUS_MOVE = YES;
				CLANG_WARN_UNGUARDED_AVAILABILITY = YES_AGGRESSIVE;
				CLANG_WARN_UNREACHABLE_CODE = YES;
				CLANG_WARN__DUPLICATE_METHOD_MATCH = YES;
				COPY_PHASE_STRIP = NO;
				DEBUG_INFORMATION_FORMAT = "dwarf-with-dsym";
				ENABLE_NS_ASSERTIONS = NO;
				ENABLE_STRICT_OBJC_MSGSEND = YES;
				GCC_C_LANGUAGE_STANDARD = gnu11;
				GCC_NO_COMMON_BLOCKS = YES;
				GCC_WARN_64_TO_32_BIT_CONVERSION = YES;
				GCC_WARN_ABOUT_RETURN_TYPE = YES_ERROR;
				GCC_WARN_UNDECLARED_SELECTOR = YES;
				GCC_WARN_UNINITIALIZED_AUTOS = YES_AGGRESSIVE;
				GCC_WARN_UNUSED_FUNCTION = YES;
				GCC_WARN_UNUSED_VARIABLE = YES;
				IPHONEOS_DEPLOYMENT_TARGET = 14.2;
				MTL_ENABLE_DEBUG_INFO = NO;
				MTL_FAST_MATH = YES;
				SDKROOT = iphoneos;
				SWIFT_COMPILATION_MODE = wholemodule;
				SWIFT_OPTIMIZATION_LEVEL = "-O";
				VALIDATE_PRODUCT = YES;
			};
			name = Release;
		};
		8EA6358B26457094006B554E /* Debug */ = {
			isa = XCBuildConfiguration;
			buildSettings = {
				ASSETCATALOG_COMPILER_APPICON_NAME = AppIcon;
				ASSETCATALOG_COMPILER_GLOBAL_ACCENT_COLOR_NAME = AccentColor;
				CODE_SIGN_STYLE = Automatic;
				INFOPLIST_FILE = tableview3/Info.plist;
				LD_RUNPATH_SEARCH_PATHS = (
					"$(inherited)",
					"@executable_path/Frameworks",
				);
				PRODUCT_BUNDLE_IDENTIFIER = chacha.tableview3;
				PRODUCT_NAME = "$(TARGET_NAME)";
				SWIFT_VERSION = 5.0;
				TARGETED_DEVICE_FAMILY = "1,2";
			};
			name = Debug;
		};
		8EA6358C26457094006B554E /* Release */ = {
			isa = XCBuildConfiguration;
			buildSettings = {
				ASSETCATALOG_COMPILER_APPICON_NAME = AppIcon;
				ASSETCATALOG_COMPILER_GLOBAL_ACCENT_COLOR_NAME = AccentColor;
				CODE_SIGN_STYLE = Automatic;
				INFOPLIST_FILE = tableview3/Info.plist;
				LD_RUNPATH_SEARCH_PATHS = (
					"$(inherited)",
					"@executable_path/Frameworks",
				);
				PRODUCT_BUNDLE_IDENTIFIER = chacha.tableview3;
				PRODUCT_NAME = "$(TARGET_NAME)";
				SWIFT_VERSION = 5.0;
				TARGETED_DEVICE_FAMILY = "1,2";
			};
			name = Release;
		};
/* End XCBuildConfiguration section */

/* Begin XCConfigurationList section */
		8EA6357126457093006B554E /* Build configuration list for PBXProject "tableview3" */ = {
			isa = XCConfigurationList;
			buildConfigurations = (
				8EA6358826457094006B554E /* Debug */,
				8EA6358926457094006B554E /* Release */,
			);
			defaultConfigurationIsVisible = 0;
			defaultConfigurationName = Release;
		};
		8EA6358A26457094006B554E /* Build configuration list for PBXNativeTarget "tableview3" */ = {
			isa = XCConfigurationList;
			buildConfigurations = (
				8EA6358B26457094006B554E /* Debug */,
				8EA6358C26457094006B554E /* Release */,
			);
			defaultConfigurationIsVisible = 0;
			defaultConfigurationName = Release;
		};
/* End XCConfigurationList section */
	};
	rootObject = 8EA6356E26457093006B554E /* Project object */;
}
